{
  "version": 4,
  "terraform_version": "0.12.21",
  "serial": 3,
  "lineage": "72e7a096-48a5-9c0b-387b-17e490083744",
  "outputs": {},
  "resources": [
    {
      "mode": "managed",
      "type": "google_container_cluster",
      "name": "gke-cluster",
      "provider": "provider.google",
      "instances": [
        {
          "schema_version": 1,
          "attributes": {
            "additional_zones": [],
            "addons_config": [
              {
                "horizontal_pod_autoscaling": [],
                "http_load_balancing": [],
                "kubernetes_dashboard": [],
                "network_policy_config": [
                  {
                    "disabled": true
                  }
                ]
              }
            ],
            "authenticator_groups_config": [],
            "cluster_autoscaling": [
              {
                "auto_provisioning_defaults": [],
                "enabled": false,
                "resource_limits": []
              }
            ],
            "cluster_ipv4_cidr": "10.56.0.0/14",
            "default_max_pods_per_node": 110,
            "description": "",
            "enable_binary_authorization": false,
            "enable_intranode_visibility": null,
            "enable_kubernetes_alpha": false,
            "enable_legacy_abac": false,
            "enable_tpu": null,
            "endpoint": "35.235.75.100",
            "id": "projects/heroic-idea-260307/locations/us-west2-b/clusters/app1",
            "initial_node_count": 3,
            "instance_group_urls": [
              "https://www.googleapis.com/compute/v1/projects/heroic-idea-260307/zones/us-west2-b/instanceGroups/gke-app1-default-pool-7321ccba-grp"
            ],
            "ip_allocation_policy": [],
            "label_fingerprint": "a9dc16a7",
            "location": "us-west2-b",
            "logging_service": "logging.googleapis.com/kubernetes",
            "maintenance_policy": [],
            "master_auth": [
              {
                "client_certificate": "",
                "client_certificate_config": [
                  {
                    "issue_client_certificate": false
                  }
                ],
                "client_key": "",
                "cluster_ca_certificate": "LS0tLS1CRUdJTiBDRVJUSUZJQ0FURS0tLS0tCk1JSURDekNDQWZPZ0F3SUJBZ0lRT08xbENOUlAwTU9NNXBZcEpRTFIrekFOQmdrcWhraUc5dzBCQVFzRkFEQXYKTVMwd0t3WURWUVFERXlRMU16QmlZall6T1MxbVpERTFMVFEyT0RZdE9UTXlOeTA0WTJReE9EazBOamsxT1RFdwpIaGNOTWpBd01qSTJNVEExTWpVMldoY05NalV3TWpJME1URTFNalUyV2pBdk1TMHdLd1lEVlFRREV5UTFNekJpCllqWXpPUzFtWkRFMUxUUTJPRFl0T1RNeU55MDRZMlF4T0RrME5qazFPVEV3Z2dFaU1BMEdDU3FHU0liM0RRRUIKQVFVQUE0SUJEd0F3Z2dFS0FvSUJBUURhNm03QlgwVlR1QzVybFk2eSsrSnkwdU5seEJrYmFZN3VkVS9idmZEYQpVdTg4RnhuaEFyeTFSbFBhc3RubTE3ZGJ2ODFaeWg3NlVYbWtVVUFNRGV5Q1dCbVh6SmJjMm41KzRzNkUwNnVXCjdkelE4WmZHemwwdURncldoMUN0ZFhJWlE3KzdWditIZEJlcmljbmR1ZytGQ212c0RaTklVQk5EQ1NZeDdGZGkKd0pUakZPL1JVYStZd3dFcVErckZJTWhmckVhYWprd2RXU25iYnFxb0V5KzV0VzF2L01wWndEVm4vME5CZG1BRgpCSnFhUk5YZzlsb3hlUG5JRUZpdmtYYVFNc3RyUkVNcUVUd3NXeG9LNlFCUVpMZkl2SWtvUmd5cmhYc2hpMjNICmhWa1BkWFVCV3RoQk1GOTh6c1A3bjdNYlpkUjJDRXVCaTA2KzExVEtVTjJuQWdNQkFBR2pJekFoTUE0R0ExVWQKRHdFQi93UUVBd0lDQkRBUEJnTlZIUk1CQWY4RUJUQURBUUgvTUEwR0NTcUdTSWIzRFFFQkN3VUFBNElCQVFBRApkWG5yNzdJMEJTSEl2SXYyUUJRTDBqRWN1NjliS3NiSU5yS3NXRFB1SVdqNi8yc1lJeEVKM0NmQzYzSlB1STBzCjZrcEYrV3YrYkFFV0tUejZoY1h5QnZMNytxUlBWYndIS2lVSzdjUVk3NG5UUG5DOWI1OGZmYm5GdnZHMnd1dXoKeVBRQUVrdjlLcWRoQk9UeWZxS3p0UW1MSWVsUUZiWCs2YXB4SS9Dd3Q5VjIvdkVXVFc2dWNMU3J3alpUQmtragoyZW92NzBpNldFd0o0bW1LTmh2NnNHSWZxWjRWWGpFL2ZseFl1WUJEZUZIMGFIOXE4SzVPaTJIWDFnQ3p2K3pnCmRTSEV0M2lUeEZ3aW5kajI4MFZra0x3T3JyL1NtSHZQRlRXNEczUEtSY1UyVGFFWmFST2FLc21xaWNHV3d1K3kKVldXa1lhSDV5QzhwdFpPYTd2MDUKLS0tLS1FTkQgQ0VSVElGSUNBVEUtLS0tLQo=",
                "password": "",
                "username": ""
              }
            ],
            "master_authorized_networks_config": [],
            "master_version": "1.14.10-gke.17",
            "min_master_version": null,
            "monitoring_service": "monitoring.googleapis.com/kubernetes",
            "name": "app1",
            "network": "projects/heroic-idea-260307/global/networks/default",
            "network_policy": [
              {
                "enabled": false,
                "provider": "PROVIDER_UNSPECIFIED"
              }
            ],
            "node_config": [
              {
                "disk_size_gb": 100,
                "disk_type": "pd-standard",
                "guest_accelerator": [],
                "image_type": "COS",
                "labels": {},
                "local_ssd_count": 0,
                "machine_type": "n1-standard-1",
                "metadata": {
                  "disable-legacy-endpoints": "true"
                },
                "min_cpu_platform": "",
                "oauth_scopes": [
                  "https://www.googleapis.com/auth/devstorage.read_only",
                  "https://www.googleapis.com/auth/logging.write",
                  "https://www.googleapis.com/auth/monitoring",
                  "https://www.googleapis.com/auth/service.management.readonly",
                  "https://www.googleapis.com/auth/servicecontrol",
                  "https://www.googleapis.com/auth/trace.append"
                ],
                "preemptible": false,
                "sandbox_config": [],
                "service_account": "default",
                "shielded_instance_config": [
                  {
                    "enable_integrity_monitoring": true,
                    "enable_secure_boot": false
                  }
                ],
                "tags": [],
                "taint": [],
                "workload_metadata_config": []
              }
            ],
            "node_locations": [],
            "node_pool": [
              {
                "autoscaling": [],
                "initial_node_count": 3,
                "instance_group_urls": [
                  "https://www.googleapis.com/compute/v1/projects/heroic-idea-260307/zones/us-west2-b/instanceGroupManagers/gke-app1-default-pool-7321ccba-grp"
                ],
                "management": [
                  {
                    "auto_repair": false,
                    "auto_upgrade": true
                  }
                ],
                "max_pods_per_node": 0,
                "name": "default-pool",
                "name_prefix": "",
                "node_config": [
                  {
                    "disk_size_gb": 100,
                    "disk_type": "pd-standard",
                    "guest_accelerator": [],
                    "image_type": "COS",
                    "labels": {},
                    "local_ssd_count": 0,
                    "machine_type": "n1-standard-1",
                    "metadata": {
                      "disable-legacy-endpoints": "true"
                    },
                    "min_cpu_platform": "",
                    "oauth_scopes": [
                      "https://www.googleapis.com/auth/devstorage.read_only",
                      "https://www.googleapis.com/auth/logging.write",
                      "https://www.googleapis.com/auth/monitoring",
                      "https://www.googleapis.com/auth/service.management.readonly",
                      "https://www.googleapis.com/auth/servicecontrol",
                      "https://www.googleapis.com/auth/trace.append"
                    ],
                    "preemptible": false,
                    "sandbox_config": [],
                    "service_account": "default",
                    "shielded_instance_config": [
                      {
                        "enable_integrity_monitoring": true,
                        "enable_secure_boot": false
                      }
                    ],
                    "tags": [],
                    "taint": [],
                    "workload_metadata_config": []
                  }
                ],
                "node_count": 3,
                "version": "1.14.10-gke.17"
              }
            ],
            "node_version": "1.14.10-gke.17",
            "operation": null,
            "pod_security_policy_config": null,
            "private_cluster_config": [],
            "project": "heroic-idea-260307",
            "region": null,
            "remove_default_node_pool": null,
            "resource_labels": null,
            "services_ipv4_cidr": "10.59.240.0/20",
            "subnetwork": "projects/heroic-idea-260307/regions/us-west2/subnetworks/default",
            "timeouts": null,
            "vertical_pod_autoscaling": [],
            "zone": null
          },
          "private": "eyJlMmJmYjczMC1lY2FhLTExZTYtOGY4OC0zNDM2M2JjN2M0YzAiOnsiY3JlYXRlIjoyNDAwMDAwMDAwMDAwLCJkZWxldGUiOjI0MDAwMDAwMDAwMDAsInVwZGF0ZSI6MzYwMDAwMDAwMDAwMH0sInNjaGVtYV92ZXJzaW9uIjoiMSJ9"
        }
      ]
    }
  ]
}
